dependencies:
- name: spark-advisor-analyzer
  repository: file://../analyzer
  version: 0.1.16
- name: spark-advisor-gateway
  repository: file://../gateway
  version: 0.1.16
- name: spark-advisor-frontend
  repository: file://../frontend
  version: 0.1.16
- name: spark-advisor-hs-connector
  repository: file://../hs-connector
  version: 0.1.16
- name: spark-advisor-storage-connector
  repository: file://../storage-connector
  version: 0.1.16
- name: spark-advisor-k8s-connector
  repository: file://../k8s-connector
  version: 0.1.16
- name: nats
  repository: https://nats-io.github.io/k8s/helm/charts/
  version: 1.2.6
- name: spark-advisor-prometheus
  repository: file://../prometheus
  version: 0.1.16
- name: spark-advisor-tempo
  repository: file://../tempo
  version: 0.1.16
- name: spark-advisor-grafana
  repository: file://../grafana
  version: 0.1.16
digest: sha256:c50a55cb0e72137fcc01c70b8d2cbdb6bfb9fe8bef6e4d211b3d9dff87e780ad
generated: "2026-03-21T22:33:52.221518+01:00"
