dependencies:
- name: spark-advisor-analyzer
  repository: file://../analyzer
  version: 0.1.9
- name: spark-advisor-gateway
  repository: file://../gateway
  version: 0.1.9
- name: spark-advisor-frontend
  repository: file://../frontend
  version: 0.1.9
- name: spark-advisor-hs-connector
  repository: file://../hs-connector
  version: 0.1.9
- name: nats
  repository: https://nats-io.github.io/k8s/helm/charts/
  version: 1.2.6
digest: sha256:f85d04d05155601a438311b995f76e046221aaed024f93c0787a1b19b7c56db7
generated: "2026-03-16T14:00:07.31615+01:00"
